
Microsoft Visual Studio Solution File, Format Version 12.00
# Visual Studio Version 17
VisualStudioVersion = 17.5.002.0
MinimumVisualStudioVersion = 10.0.40219.1
Project("{9A19103F-16F7-4668-BE54-9A1E7A4F7556}") = "binarytree", "binarytree.csproj", "{A630903A-86E3-43AD-8381-6594809838A1}"
EndProject
Global
	GlobalSection(SolutionConfigurationPlatforms) = preSolution
		Debug|Any CPU = Debug|Any CPU
		Release|Any CPU = Release|Any CPU
	EndGlobalSection
	GlobalSection(ProjectConfigurationPlatforms) = postSolution
		{A630903A-86E3-43AD-8381-6594809838A1}.Debug|Any CPU.ActiveCfg = Debug|Any CPU
		{A630903A-86E3-43AD-8381-6594809838A1}.Debug|Any CPU.Build.0 = Debug|Any CPU
		{A630903A-86E3-43AD-8381-6594809838A1}.Release|Any CPU.ActiveCfg = Release|Any CPU
		{A630903A-86E3-43AD-8381-6594809838A1}.Release|Any CPU.Build.0 = Release|Any CPU
	EndGlobalSection
	GlobalSection(SolutionProperties) = preSolution
		HideSolutionNode = FALSE
	EndGlobalSection
	GlobalSection(ExtensibilityGlobals) = postSolution
		SolutionGuid = {F20FA18A-AD47-47A5-8A86-28F385F11E5B}
	EndGlobalSection
EndGlobal
